
Microsoft Visual Studio Solution File, Format Version 12.00
# Visual Studio 2012
Project("{FAE04EC0-301F-11D3-BF4B-00C04F79EFBC}") = "Tasker.Infrastructure", "Tasker.Infrastructure\Tasker.Infrastructure.csproj", "{42CF8FF7-EFB9-48BE-9BF5-104A02F9C3AD}"
EndProject
Project("{FAE04EC0-301F-11D3-BF4B-00C04F79EFBC}") = "Tasker.Domain", "Tasker.Domain\Tasker.Domain.csproj", "{EF94CEDE-6C72-4F6B-AC50-95C13263460B}"
EndProject
Project("{FAE04EC0-301F-11D3-BF4B-00C04F79EFBC}") = "Tasker.Node", "Tasker.Node\Tasker.Node.csproj", "{AB63201A-04EB-4809-A771-DC93F9415D97}"
EndProject
Project("{FAE04EC0-301F-11D3-BF4B-00C04F79EFBC}") = "Tasker.WinService", "Tasker.WinService\Tasker.WinService.csproj", "{27C93F20-C013-4FB9-A0B4-28AB4CE069ED}"
EndProject
Project("{FAE04EC0-301F-11D3-BF4B-00C04F79EFBC}") = "Tasker.Domain.Repositories", "Tasker.Domain.Repositories\Tasker.Domain.Repositories.csproj", "{6FBDAD6A-8B58-41A4-A9C5-E142EC7E560D}"
EndProject
Project("{FAE04EC0-301F-11D3-BF4B-00C04F79EFBC}") = "Tasker.ServiceContracts", "Tasker.ServiceContracts\Tasker.ServiceContracts.csproj", "{9982CF9D-8D19-4742-A49C-D7341BDEF7BB}"
EndProject
Project("{FAE04EC0-301F-11D3-BF4B-00C04F79EFBC}") = "Tasker.DataObject", "Tasker.DataObject\Tasker.DataObject.csproj", "{08F1FE5F-A30D-4FD4-A0FE-B98F32221A8E}"
EndProject
Project("{2150E333-8FDC-42A3-9474-1A3956D46DE8}") = ".nuget", ".nuget", "{8B1C20E2-8680-49BC-8A71-4D24C170D3BA}"
	ProjectSection(SolutionItems) = preProject
		.nuget\NuGet.Config = .nuget\NuGet.Config
		.nuget\NuGet.exe = .nuget\NuGet.exe
		.nuget\NuGet.targets = .nuget\NuGet.targets
	EndProjectSection
EndProject
Project("{FAE04EC0-301F-11D3-BF4B-00C04F79EFBC}") = "Tasker.TaskManager", "Tasker.TaskManager\Tasker.TaskManager.csproj", "{81D364C6-892F-4A4F-B57F-7D93632A8A81}"
EndProject
Global
	GlobalSection(SolutionConfigurationPlatforms) = preSolution
		Debug|Any CPU = Debug|Any CPU
		Release|Any CPU = Release|Any CPU
	EndGlobalSection
	GlobalSection(ProjectConfigurationPlatforms) = postSolution
		{42CF8FF7-EFB9-48BE-9BF5-104A02F9C3AD}.Debug|Any CPU.ActiveCfg = Debug|Any CPU
		{42CF8FF7-EFB9-48BE-9BF5-104A02F9C3AD}.Debug|Any CPU.Build.0 = Debug|Any CPU
		{42CF8FF7-EFB9-48BE-9BF5-104A02F9C3AD}.Release|Any CPU.ActiveCfg = Release|Any CPU
		{42CF8FF7-EFB9-48BE-9BF5-104A02F9C3AD}.Release|Any CPU.Build.0 = Release|Any CPU
		{EF94CEDE-6C72-4F6B-AC50-95C13263460B}.Debug|Any CPU.ActiveCfg = Debug|Any CPU
		{EF94CEDE-6C72-4F6B-AC50-95C13263460B}.Debug|Any CPU.Build.0 = Debug|Any CPU
		{EF94CEDE-6C72-4F6B-AC50-95C13263460B}.Release|Any CPU.ActiveCfg = Release|Any CPU
		{EF94CEDE-6C72-4F6B-AC50-95C13263460B}.Release|Any CPU.Build.0 = Release|Any CPU
		{AB63201A-04EB-4809-A771-DC93F9415D97}.Debug|Any CPU.ActiveCfg = Debug|Any CPU
		{AB63201A-04EB-4809-A771-DC93F9415D97}.Debug|Any CPU.Build.0 = Debug|Any CPU
		{AB63201A-04EB-4809-A771-DC93F9415D97}.Release|Any CPU.ActiveCfg = Release|Any CPU
		{AB63201A-04EB-4809-A771-DC93F9415D97}.Release|Any CPU.Build.0 = Release|Any CPU
		{27C93F20-C013-4FB9-A0B4-28AB4CE069ED}.Debug|Any CPU.ActiveCfg = Debug|Any CPU
		{27C93F20-C013-4FB9-A0B4-28AB4CE069ED}.Debug|Any CPU.Build.0 = Debug|Any CPU
		{27C93F20-C013-4FB9-A0B4-28AB4CE069ED}.Release|Any CPU.ActiveCfg = Release|Any CPU
		{27C93F20-C013-4FB9-A0B4-28AB4CE069ED}.Release|Any CPU.Build.0 = Release|Any CPU
		{6FBDAD6A-8B58-41A4-A9C5-E142EC7E560D}.Debug|Any CPU.ActiveCfg = Debug|Any CPU
		{6FBDAD6A-8B58-41A4-A9C5-E142EC7E560D}.Debug|Any CPU.Build.0 = Debug|Any CPU
		{6FBDAD6A-8B58-41A4-A9C5-E142EC7E560D}.Release|Any CPU.ActiveCfg = Release|Any CPU
		{6FBDAD6A-8B58-41A4-A9C5-E142EC7E560D}.Release|Any CPU.Build.0 = Release|Any CPU
		{9982CF9D-8D19-4742-A49C-D7341BDEF7BB}.Debug|Any CPU.ActiveCfg = Debug|Any CPU
		{9982CF9D-8D19-4742-A49C-D7341BDEF7BB}.Debug|Any CPU.Build.0 = Debug|Any CPU
		{9982CF9D-8D19-4742-A49C-D7341BDEF7BB}.Release|Any CPU.ActiveCfg = Release|Any CPU
		{9982CF9D-8D19-4742-A49C-D7341BDEF7BB}.Release|Any CPU.Build.0 = Release|Any CPU
		{08F1FE5F-A30D-4FD4-A0FE-B98F32221A8E}.Debug|Any CPU.ActiveCfg = Debug|Any CPU
		{08F1FE5F-A30D-4FD4-A0FE-B98F32221A8E}.Debug|Any CPU.Build.0 = Debug|Any CPU
		{08F1FE5F-A30D-4FD4-A0FE-B98F32221A8E}.Release|Any CPU.ActiveCfg = Release|Any CPU
		{08F1FE5F-A30D-4FD4-A0FE-B98F32221A8E}.Release|Any CPU.Build.0 = Release|Any CPU
		{81D364C6-892F-4A4F-B57F-7D93632A8A81}.Debug|Any CPU.ActiveCfg = Debug|Any CPU
		{81D364C6-892F-4A4F-B57F-7D93632A8A81}.Debug|Any CPU.Build.0 = Debug|Any CPU
		{81D364C6-892F-4A4F-B57F-7D93632A8A81}.Release|Any CPU.ActiveCfg = Release|Any CPU
		{81D364C6-892F-4A4F-B57F-7D93632A8A81}.Release|Any CPU.Build.0 = Release|Any CPU
	EndGlobalSection
	GlobalSection(SolutionProperties) = preSolution
		HideSolutionNode = FALSE
	EndGlobalSection
EndGlobal
